
Microsoft Visual Studio Solution File, Format Version 12.00
# Visual Studio Version 17
VisualStudioVersion = 17.5.002.0
MinimumVisualStudioVersion = 10.0.40219.1
Project("{9A19103F-16F7-4668-BE54-9A1E7A4F7556}") = "sending-email-in-c#", "sending-email-in-c#.csproj", "{FA72A28E-0EFE-4BED-A5FA-DBAABEEFB53B}"
EndProject
Global
	GlobalSection(SolutionConfigurationPlatforms) = preSolution
		Debug|Any CPU = Debug|Any CPU
		Release|Any CPU = Release|Any CPU
	EndGlobalSection
	GlobalSection(ProjectConfigurationPlatforms) = postSolution
		{FA72A28E-0EFE-4BED-A5FA-DBAABEEFB53B}.Debug|Any CPU.ActiveCfg = Debug|Any CPU
		{FA72A28E-0EFE-4BED-A5FA-DBAABEEFB53B}.Debug|Any CPU.Build.0 = Debug|Any CPU
		{FA72A28E-0EFE-4BED-A5FA-DBAABEEFB53B}.Release|Any CPU.ActiveCfg = Release|Any CPU
		{FA72A28E-0EFE-4BED-A5FA-DBAABEEFB53B}.Release|Any CPU.Build.0 = Release|Any CPU
	EndGlobalSection
	GlobalSection(SolutionProperties) = preSolution
		HideSolutionNode = FALSE
	EndGlobalSection
	GlobalSection(ExtensibilityGlobals) = postSolution
		SolutionGuid = {DFBA28E2-9818-47EE-B4CD-2B42A0853370}
	EndGlobalSection
EndGlobal
